
Microsoft Visual Studio Solution File, Format Version 12.00
# Visual Studio Version 17
VisualStudioVersion = 17.0.32014.148
MinimumVisualStudioVersion = 10.0.40219.1
Project("{FAE04EC0-301F-11D3-BF4B-00C04F79EFBC}") = "ProductsApp", "ProductsApp.csproj", "{C7E0EAAB-5EEF-40ED-9714-6E06325A4F91}"
EndProject
Global
	GlobalSection(SolutionConfigurationPlatforms) = preSolution
		Debug|Any CPU = Debug|Any CPU
		Release|Any CPU = Release|Any CPU
	EndGlobalSection
	GlobalSection(ProjectConfigurationPlatforms) = postSolution
		{C7E0EAAB-5EEF-40ED-9714-6E06325A4F91}.Debug|Any CPU.ActiveCfg = Debug|Any CPU
		{C7E0EAAB-5EEF-40ED-9714-6E06325A4F91}.Debug|Any CPU.Build.0 = Debug|Any CPU
		{C7E0EAAB-5EEF-40ED-9714-6E06325A4F91}.Release|Any CPU.ActiveCfg = Release|Any CPU
		{C7E0EAAB-5EEF-40ED-9714-6E06325A4F91}.Release|Any CPU.Build.0 = Release|Any CPU
	EndGlobalSection
	GlobalSection(SolutionProperties) = preSolution
		HideSolutionNode = FALSE
	EndGlobalSection
	GlobalSection(ExtensibilityGlobals) = postSolution
		SolutionGuid = {1AB432C7-0F52-458A-BBE7-60C10F0F394B}
	EndGlobalSection
EndGlobal
